// !$*UTF8*$!
{
	archiveVersion = 1;
	classes = {
	};
	objectVersion = 50;
	objects = {

/* Begin PBXBuildFile section */
		5334EFC5308959E87A1C1775 /* Pods_SocialIoTests.framework in Frameworks */ = {isa = PBXBuildFile; fileRef = 4613BE4AAD0CBCD97BD6997D /* Pods_SocialIoTests.framework */; };
		869915709D19D6AC82EA5C07 /* Pods_SocialIo_SocialIoUITests.framework in Frameworks */ = {isa = PBXBuildFile; fileRef = 919FC650D4CF0270CCB0ECEB /* Pods_SocialIo_SocialIoUITests.framework */; };
		86ED3B622412688D0042ED88 /* AppDelegate.swift in Sources */ = {isa = PBXBuildFile; fileRef = 86ED3B612412688D0042ED88 /* AppDelegate.swift */; };
		86ED3B642412688D0042ED88 /* SceneDelegate.swift in Sources */ = {isa = PBXBuildFile; fileRef = 86ED3B632412688D0042ED88 /* SceneDelegate.swift */; };
		86ED3B662412688D0042ED88 /* ViewController.swift in Sources */ = {isa = PBXBuildFile; fileRef = 86ED3B652412688D0042ED88 /* ViewController.swift */; };
		86ED3B692412688D0042ED88 /* Main.storyboard in Resources */ = {isa = PBXBuildFile; fileRef = 86ED3B672412688D0042ED88 /* Main.storyboard */; };
		86ED3B6B2412688E0042ED88 /* Assets.xcassets in Resources */ = {isa = PBXBuildFile; fileRef = 86ED3B6A2412688E0042ED88 /* Assets.xcassets */; };
		86ED3B6E2412688E0042ED88 /* LaunchScreen.storyboard in Resources */ = {isa = PBXBuildFile; fileRef = 86ED3B6C2412688E0042ED88 /* LaunchScreen.storyboard */; };
		86ED3B792412688E0042ED88 /* SocialIoTests.swift in Sources */ = {isa = PBXBuildFile; fileRef = 86ED3B782412688E0042ED88 /* SocialIoTests.swift */; };
		86ED3B842412688E0042ED88 /* SocialIoUITests.swift in Sources */ = {isa = PBXBuildFile; fileRef = 86ED3B832412688E0042ED88 /* SocialIoUITests.swift */; };
		86ED3B9224126A4C0042ED88 /* GoogleService-Info.plist in Resources */ = {isa = PBXBuildFile; fileRef = 86ED3B9124126A4C0042ED88 /* GoogleService-Info.plist */; };
		F737FE562F7CECFD0341EF52 /* Pods_SocialIo.framework in Frameworks */ = {isa = PBXBuildFile; fileRef = 68FEE3A85FAB3C368F4A1766 /* Pods_SocialIo.framework */; };
/* End PBXBuildFile section */

/* Begin PBXContainerItemProxy section */
		86ED3B752412688E0042ED88 /* PBXContainerItemProxy */ = {
			isa = PBXContainerItemProxy;
			containerPortal = 86ED3B562412688D0042ED88 /* Project object */;
			proxyType = 1;
			remoteGlobalIDString = 86ED3B5D2412688D0042ED88;
			remoteInfo = SocialIo;
		};
		86ED3B802412688E0042ED88 /* PBXContainerItemProxy */ = {
			isa = PBXContainerItemProxy;
			containerPortal = 86ED3B562412688D0042ED88 /* Project object */;
			proxyType = 1;
			remoteGlobalIDString = 86ED3B5D2412688D0042ED88;
			remoteInfo = SocialIo;
		};
/* End PBXContainerItemProxy section */

/* Begin PBXFileReference section */
		03A89E6464332779C572D6A0 /* Pods-SocialIo.debug.xcconfig */ = {isa = PBXFileReference; includeInIndex = 1; lastKnownFileType = text.xcconfig; name = "Pods-SocialIo.debug.xcconfig"; path = "Target Support Files/Pods-SocialIo/Pods-SocialIo.debug.xcconfig"; sourceTree = "<group>"; };
		2D7DEBC31369CDABAFC31121 /* Pods-SocialIo-SocialIoUITests.release.xcconfig */ = {isa = PBXFileReference; includeInIndex = 1; lastKnownFileType = text.xcconfig; name = "Pods-SocialIo-SocialIoUITests.release.xcconfig"; path = "Target Support Files/Pods-SocialIo-SocialIoUITests/Pods-SocialIo-SocialIoUITests.release.xcconfig"; sourceTree = "<group>"; };
		4613BE4AAD0CBCD97BD6997D /* Pods_SocialIoTests.framework */ = {isa = PBXFileReference; explicitFileType = wrapper.framework; includeInIndex = 0; path = Pods_SocialIoTests.framework; sourceTree = BUILT_PRODUCTS_DIR; };
		63D7B54FB2A51D9EE0E5F49B /* Pods-SocialIoTests.release.xcconfig */ = {isa = PBXFileReference; includeInIndex = 1; lastKnownFileType = text.xcconfig; name = "Pods-SocialIoTests.release.xcconfig"; path = "Target Support Files/Pods-SocialIoTests/Pods-SocialIoTests.release.xcconfig"; sourceTree = "<group>"; };
		68FEE3A85FAB3C368F4A1766 /* Pods_SocialIo.framework */ = {isa = PBXFileReference; explicitFileType = wrapper.framework; includeInIndex = 0; path = Pods_SocialIo.framework; sourceTree = BUILT_PRODUCTS_DIR; };
		86ED3B5E2412688D0042ED88 /* SocialIo.app */ = {isa = PBXFileReference; explicitFileType = wrapper.application; includeInIndex = 0; path = SocialIo.app; sourceTree = BUILT_PRODUCTS_DIR; };
		86ED3B612412688D0042ED88 /* AppDelegate.swift */ = {isa = PBXFileReference; lastKnownFileType = sourcecode.swift; path = AppDelegate.swift; sourceTree = "<group>"; };
		86ED3B632412688D0042ED88 /* SceneDelegate.swift */ = {isa = PBXFileReference; lastKnownFileType = sourcecode.swift; path = SceneDelegate.swift; sourceTree = "<group>"; };
		86ED3B652412688D0042ED88 /* ViewController.swift */ = {isa = PBXFileReference; lastKnownFileType = sourcecode.swift; path = ViewController.swift; sourceTree = "<group>"; };
		86ED3B682412688D0042ED88 /* Base */ = {isa = PBXFileReference; lastKnownFileType = file.storyboard; name = Base; path = Base.lproj/Main.storyboard; sourceTree = "<group>"; };
		86ED3B6A2412688E0042ED88 /* Assets.xcassets */ = {isa = PBXFileReference; lastKnownFileType = folder.assetcatalog; path = Assets.xcassets; sourceTree = "<group>"; };
		86ED3B6D2412688E0042ED88 /* Base */ = {isa = PBXFileReference; lastKnownFileType = file.storyboard; name = Base; path = Base.lproj/LaunchScreen.storyboard; sourceTree = "<group>"; };
		86ED3B6F2412688E0042ED88 /* Info.plist */ = {isa = PBXFileReference; lastKnownFileType = text.plist.xml; path = Info.plist; sourceTree = "<group>"; };
		86ED3B742412688E0042ED88 /* SocialIoTests.xctest */ = {isa = PBXFileReference; explicitFileType = wrapper.cfbundle; includeInIndex = 0; path = SocialIoTests.xctest; sourceTree = BUILT_PRODUCTS_DIR; };
		86ED3B782412688E0042ED88 /* SocialIoTests.swift */ = {isa = PBXFileReference; lastKnownFileType = sourcecode.swift; path = SocialIoTests.swift; sourceTree = "<group>"; };
		86ED3B7A2412688E0042ED88 /* Info.plist */ = {isa = PBXFileReference; lastKnownFileType = text.plist.xml; path = Info.plist; sourceTree = "<group>"; };
		86ED3B7F2412688E0042ED88 /* SocialIoUITests.xctest */ = {isa = PBXFileReference; explicitFileType = wrapper.cfbundle; includeInIndex = 0; path = SocialIoUITests.xctest; sourceTree = BUILT_PRODUCTS_DIR; };
		86ED3B832412688E0042ED88 /* SocialIoUITests.swift */ = {isa = PBXFileReference; lastKnownFileType = sourcecode.swift; path = SocialIoUITests.swift; sourceTree = "<group>"; };
		86ED3B852412688E0042ED88 /* Info.plist */ = {isa = PBXFileReference; lastKnownFileType = text.plist.xml; path = Info.plist; sourceTree = "<group>"; };
		86ED3B9124126A4C0042ED88 /* GoogleService-Info.plist */ = {isa = PBXFileReference; fileEncoding = 4; lastKnownFileType = text.plist.xml; path = "GoogleService-Info.plist"; sourceTree = "<group>"; };
		919FC650D4CF0270CCB0ECEB /* Pods_SocialIo_SocialIoUITests.framework */ = {isa = PBXFileReference; explicitFileType = wrapper.framework; includeInIndex = 0; path = Pods_SocialIo_SocialIoUITests.framework; sourceTree = BUILT_PRODUCTS_DIR; };
		9AF6DFFCA25E883F2025F4CA /* Pods-SocialIoTests.debug.xcconfig */ = {isa = PBXFileReference; includeInIndex = 1; lastKnownFileType = text.xcconfig; name = "Pods-SocialIoTests.debug.xcconfig"; path = "Target Support Files/Pods-SocialIoTests/Pods-SocialIoTests.debug.xcconfig"; sourceTree = "<group>"; };
		A6564574C2F10DA65C9352FC /* Pods-SocialIo.release.xcconfig */ = {isa = PBXFileReference; includeInIndex = 1; lastKnownFileType = text.xcconfig; name = "Pods-SocialIo.release.xcconfig"; path = "Target Support Files/Pods-SocialIo/Pods-SocialIo.release.xcconfig"; sourceTree = "<group>"; };
		BF887120555BC06F9CB0C615 /* Pods-SocialIo-SocialIoUITests.debug.xcconfig */ = {isa = PBXFileReference; includeInIndex = 1; lastKnownFileType = text.xcconfig; name = "Pods-SocialIo-SocialIoUITests.debug.xcconfig"; path = "Target Support Files/Pods-SocialIo-SocialIoUITests/Pods-SocialIo-SocialIoUITests.debug.xcconfig"; sourceTree = "<group>"; };
/* End PBXFileReference section */

/* Begin PBXFrameworksBuildPhase section */
		86ED3B5B2412688D0042ED88 /* Frameworks */ = {
			isa = PBXFrameworksBuildPhase;
			buildActionMask = 2147483647;
			files = (
				F737FE562F7CECFD0341EF52 /* Pods_SocialIo.framework in Frameworks */,
			);
			runOnlyForDeploymentPostprocessing = 0;
		};
		86ED3B712412688E0042ED88 /* Frameworks */ = {
			isa = PBXFrameworksBuildPhase;
			buildActionMask = 2147483647;
			files = (
				5334EFC5308959E87A1C1775 /* Pods_SocialIoTests.framework in Frameworks */,
			);
			runOnlyForDeploymentPostprocessing = 0;
		};
		86ED3B7C2412688E0042ED88 /* Frameworks */ = {
			isa = PBXFrameworksBuildPhase;
			buildActionMask = 2147483647;
			files = (
				869915709D19D6AC82EA5C07 /* Pods_SocialIo_SocialIoUITests.framework in Frameworks */,
			);
			runOnlyForDeploymentPostprocessing = 0;
		};
/* End PBXFrameworksBuildPhase section */

/* Begin PBXGroup section */
		86ED3B552412688D0042ED88 = {
			isa = PBXGroup;
			children = (
				86ED3B602412688D0042ED88 /* SocialIo */,
				86ED3B772412688E0042ED88 /* SocialIoTests */,
				86ED3B822412688E0042ED88 /* SocialIoUITests */,
				86ED3B5F2412688D0042ED88 /* Products */,
				F8342C4B98D12FE4FBF52E0C /* Pods */,
				B9A0930D71C22D210F557E31 /* Frameworks */,
			);
			sourceTree = "<group>";
		};
		86ED3B5F2412688D0042ED88 /* Products */ = {
			isa = PBXGroup;
			children = (
				86ED3B5E2412688D0042ED88 /* SocialIo.app */,
				86ED3B742412688E0042ED88 /* SocialIoTests.xctest */,
				86ED3B7F2412688E0042ED88 /* SocialIoUITests.xctest */,
			);
			name = Products;
			sourceTree = "<group>";
		};
		86ED3B602412688D0042ED88 /* SocialIo */ = {
			isa = PBXGroup;
			children = (
				86ED3B612412688D0042ED88 /* AppDelegate.swift */,
				86ED3B632412688D0042ED88 /* SceneDelegate.swift */,
				86ED3B652412688D0042ED88 /* ViewController.swift */,
				86ED3B672412688D0042ED88 /* Main.storyboard */,
				86ED3B6A2412688E0042ED88 /* Assets.xcassets */,
				86ED3B6C2412688E0042ED88 /* LaunchScreen.storyboard */,
				86ED3B6F2412688E0042ED88 /* Info.plist */,
				86ED3B9124126A4C0042ED88 /* GoogleService-Info.plist */,
			);
			path = SocialIo;
			sourceTree = "<group>";
		};
		86ED3B772412688E0042ED88 /* SocialIoTests */ = {
			isa = PBXGroup;
			children = (
				86ED3B782412688E0042ED88 /* SocialIoTests.swift */,
				86ED3B7A2412688E0042ED88 /* Info.plist */,
			);
			path = SocialIoTests;
			sourceTree = "<group>";
		};
		86ED3B822412688E0042ED88 /* SocialIoUITests */ = {
			isa = PBXGroup;
			children = (
				86ED3B832412688E0042ED88 /* SocialIoUITests.swift */,
				86ED3B852412688E0042ED88 /* Info.plist */,
			);
			path = SocialIoUITests;
			sourceTree = "<group>";
		};
		B9A0930D71C22D210F557E31 /* Frameworks */ = {
			isa = PBXGroup;
			children = (
				68FEE3A85FAB3C368F4A1766 /* Pods_SocialIo.framework */,
				919FC650D4CF0270CCB0ECEB /* Pods_SocialIo_SocialIoUITests.framework */,
				4613BE4AAD0CBCD97BD6997D /* Pods_SocialIoTests.framework */,
			);
			name = Frameworks;
			sourceTree = "<group>";
		};
		F8342C4B98D12FE4FBF52E0C /* Pods */ = {
			isa = PBXGroup;
			children = (
				03A89E6464332779C572D6A0 /* Pods-SocialIo.debug.xcconfig */,
				A6564574C2F10DA65C9352FC /* Pods-SocialIo.release.xcconfig */,
				BF887120555BC06F9CB0C615 /* Pods-SocialIo-SocialIoUITests.debug.xcconfig */,
				2D7DEBC31369CDABAFC31121 /* Pods-SocialIo-SocialIoUITests.release.xcconfig */,
				9AF6DFFCA25E883F2025F4CA /* Pods-SocialIoTests.debug.xcconfig */,
				63D7B54FB2A51D9EE0E5F49B /* Pods-SocialIoTests.release.xcconfig */,
			);
			name = Pods;
			path = Pods;
			sourceTree = "<group>";
		};
/* End PBXGroup section */

/* Begin PBXNativeTarget section */
		86ED3B5D2412688D0042ED88 /* SocialIo */ = {
			isa = PBXNativeTarget;
			buildConfigurationList = 86ED3B882412688E0042ED88 /* Build configuration list for PBXNativeTarget "SocialIo" */;
			buildPhases = (
				4A9FC9BBFA728C560A257BFF /* [CP] Check Pods Manifest.lock */,
				86ED3B5A2412688D0042ED88 /* Sources */,
				86ED3B5B2412688D0042ED88 /* Frameworks */,
				86ED3B5C2412688D0042ED88 /* Resources */,
				E6335E107B58A58474ED0710 /* [CP] Embed Pods Frameworks */,
			);
			buildRules = (
			);
			dependencies = (
			);
			name = SocialIo;
			productName = SocialIo;
			productReference = 86ED3B5E2412688D0042ED88 /* SocialIo.app */;
			productType = "com.apple.product-type.application";
		};
		86ED3B732412688E0042ED88 /* SocialIoTests */ = {
			isa = PBXNativeTarget;
			buildConfigurationList = 86ED3B8B2412688E0042ED88 /* Build configuration list for PBXNativeTarget "SocialIoTests" */;
			buildPhases = (
				B23D4C1D796030D07E8F8A1F /* [CP] Check Pods Manifest.lock */,
				86ED3B702412688E0042ED88 /* Sources */,
				86ED3B712412688E0042ED88 /* Frameworks */,
				86ED3B722412688E0042ED88 /* Resources */,
			);
			buildRules = (
			);
			dependencies = (
				86ED3B762412688E0042ED88 /* PBXTargetDependency */,
			);
			name = SocialIoTests;
			productName = SocialIoTests;
			productReference = 86ED3B742412688E0042ED88 /* SocialIoTests.xctest */;
			productType = "com.apple.product-type.bundle.unit-test";
		};
		86ED3B7E2412688E0042ED88 /* SocialIoUITests */ = {
			isa = PBXNativeTarget;
			buildConfigurationList = 86ED3B8E2412688E0042ED88 /* Build configuration list for PBXNativeTarget "SocialIoUITests" */;
			buildPhases = (
				611854B19E141327D836EFDF /* [CP] Check Pods Manifest.lock */,
				86ED3B7B2412688E0042ED88 /* Sources */,
				86ED3B7C2412688E0042ED88 /* Frameworks */,
				86ED3B7D2412688E0042ED88 /* Resources */,
				147A6DA9004DBF73ED705EF5 /* [CP] Embed Pods Frameworks */,
			);
			buildRules = (
			);
			dependencies = (
				86ED3B812412688E0042ED88 /* PBXTargetDependency */,
			);
			name = SocialIoUITests;
			productName = SocialIoUITests;
			productReference = 86ED3B7F2412688E0042ED88 /* SocialIoUITests.xctest */;
			productType = "com.apple.product-type.bundle.ui-testing";
		};
/* End PBXNativeTarget section */

/* Begin PBXProject section */
		86ED3B562412688D0042ED88 /* Project object */ = {
			isa = PBXProject;
			attributes = {
				LastSwiftUpdateCheck = 1130;
				LastUpgradeCheck = 1130;
				ORGANIZATIONNAME = "Margarita Malnik";
				TargetAttributes = {
					86ED3B5D2412688D0042ED88 = {
						CreatedOnToolsVersion = 11.3.1;
					};
					86ED3B732412688E0042ED88 = {
						CreatedOnToolsVersion = 11.3.1;
						TestTargetID = 86ED3B5D2412688D0042ED88;
					};
					86ED3B7E2412688E0042ED88 = {
						CreatedOnToolsVersion = 11.3.1;
						TestTargetID = 86ED3B5D2412688D0042ED88;
					};
				};
			};
			buildConfigurationList = 86ED3B592412688D0042ED88 /* Build configuration list for PBXProject "SocialIo" */;
			compatibilityVersion = "Xcode 9.3";
			developmentRegion = en;
			hasScannedForEncodings = 0;
			knownRegions = (
				en,
				Base,
			);
			mainGroup = 86ED3B552412688D0042ED88;
			productRefGroup = 86ED3B5F2412688D0042ED88 /* Products */;
			projectDirPath = "";
			projectRoot = "";
			targets = (
				86ED3B5D2412688D0042ED88 /* SocialIo */,
				86ED3B732412688E0042ED88 /* SocialIoTests */,
				86ED3B7E2412688E0042ED88 /* SocialIoUITests */,
			);
		};
/* End PBXProject section */

/* Begin PBXResourcesBuildPhase section */
		86ED3B5C2412688D0042ED88 /* Resources */ = {
			isa = PBXResourcesBuildPhase;
			buildActionMask = 2147483647;
			files = (
				86ED3B6E2412688E0042ED88 /* LaunchScreen.storyboard in Resources */,
				86ED3B9224126A4C0042ED88 /* GoogleService-Info.plist in Resources */,
				86ED3B6B2412688E0042ED88 /* Assets.xcassets in Resources */,
				86ED3B692412688D0042ED88 /* Main.storyboard in Resources */,
			);
			runOnlyForDeploymentPostprocessing = 0;
		};
		86ED3B722412688E0042ED88 /* Resources */ = {
			isa = PBXResourcesBuildPhase;
			buildActionMask = 2147483647;
			files = (
			);
			runOnlyForDeploymentPostprocessing = 0;
		};
		86ED3B7D2412688E0042ED88 /* Resources */ = {
			isa = PBXResourcesBuildPhase;
			buildActionMask = 2147483647;
			files = (
			);
			runOnlyForDeploymentPostprocessing = 0;
		};
/* End PBXResourcesBuildPhase section */

/* Begin PBXShellScriptBuildPhase section */
		147A6DA9004DBF73ED705EF5 /* [CP] Embed Pods Frameworks */ = {
			isa = PBXShellScriptBuildPhase;
			buildActionMask = 2147483647;
			files = (
			);
			inputFileListPaths = (
				"${PODS_ROOT}/Target Support Files/Pods-SocialIo-SocialIoUITests/Pods-SocialIo-SocialIoUITests-frameworks-${CONFIGURATION}-input-files.xcfilelist",
			);
			name = "[CP] Embed Pods Frameworks";
			outputFileListPaths = (
				"${PODS_ROOT}/Target Support Files/Pods-SocialIo-SocialIoUITests/Pods-SocialIo-SocialIoUITests-frameworks-${CONFIGURATION}-output-files.xcfilelist",
			);
			runOnlyForDeploymentPostprocessing = 0;
			shellPath = /bin/sh;
			shellScript = "\"${PODS_ROOT}/Target Support Files/Pods-SocialIo-SocialIoUITests/Pods-SocialIo-SocialIoUITests-frameworks.sh\"\n";
			showEnvVarsInLog = 0;
		};
		4A9FC9BBFA728C560A257BFF /* [CP] Check Pods Manifest.lock */ = {
			isa = PBXShellScriptBuildPhase;
			buildActionMask = 2147483647;
			files = (
			);
			inputFileListPaths = (
			);
			inputPaths = (
				"${PODS_PODFILE_DIR_PATH}/Podfile.lock",
				"${PODS_ROOT}/Manifest.lock",
			);
			name = "[CP] Check Pods Manifest.lock";
			outputFileListPaths = (
			);
			outputPaths = (
				"$(DERIVED_FILE_DIR)/Pods-SocialIo-checkManifestLockResult.txt",
			);
			runOnlyForDeploymentPostprocessing = 0;
			shellPath = /bin/sh;
			shellScript = "diff \"${PODS_PODFILE_DIR_PATH}/Podfile.lock\" \"${PODS_ROOT}/Manifest.lock\" > /dev/null\nif [ $? != 0 ] ; then\n    # print error to STDERR\n    echo \"error: The sandbox is not in sync with the Podfile.lock. Run 'pod install' or update your CocoaPods installation.\" >&2\n    exit 1\nfi\n# This output is used by Xcode 'outputs' to avoid re-running this script phase.\necho \"SUCCESS\" > \"${SCRIPT_OUTPUT_FILE_0}\"\n";
			showEnvVarsInLog = 0;
		};
		611854B19E141327D836EFDF /* [CP] Check Pods Manifest.lock */ = {
			isa = PBXShellScriptBuildPhase;
			buildActionMask = 2147483647;
			files = (
			);
			inputFileListPaths = (
			);
			inputPaths = (
				"${PODS_PODFILE_DIR_PATH}/Podfile.lock",
				"${PODS_ROOT}/Manifest.lock",
			);
			name = "[CP] Check Pods Manifest.lock";
			outputFileListPaths = (
			);
			outputPaths = (
				"$(DERIVED_FILE_DIR)/Pods-SocialIo-SocialIoUITests-checkManifestLockResult.txt",
			);
			runOnlyForDeploymentPostprocessing = 0;
			shellPath = /bin/sh;
			shellScript = "diff \"${PODS_PODFILE_DIR_PATH}/Podfile.lock\" \"${PODS_ROOT}/Manifest.lock\" > /dev/null\nif [ $? != 0 ] ; then\n    # print error to STDERR\n    echo \"error: The sandbox is not in sync with the Podfile.lock. Run 'pod install' or update your CocoaPods installation.\" >&2\n    exit 1\nfi\n# This output is used by Xcode 'outputs' to avoid re-running this script phase.\necho \"SUCCESS\" > \"${SCRIPT_OUTPUT_FILE_0}\"\n";
			showEnvVarsInLog = 0;
		};
		B23D4C1D796030D07E8F8A1F /* [CP] Check Pods Manifest.lock */ = {
			isa = PBXShellScriptBuildPhase;
			buildActionMask = 2147483647;
			files = (
			);
			inputFileListPaths = (
			);
			inputPaths = (
				"${PODS_PODFILE_DIR_PATH}/Podfile.lock",
				"${PODS_ROOT}/Manifest.lock",
			);
			name = "[CP] Check Pods Manifest.lock";
			outputFileListPaths = (
			);
			outputPaths = (
				"$(DERIVED_FILE_DIR)/Pods-SocialIoTests-checkManifestLockResult.txt",
			);
			runOnlyForDeploymentPostprocessing = 0;
			shellPath = /bin/sh;
			shellScript = "diff \"${PODS_PODFILE_DIR_PATH}/Podfile.lock\" \"${PODS_ROOT}/Manifest.lock\" > /dev/null\nif [ $? != 0 ] ; then\n    # print error to STDERR\n    echo \"error: The sandbox is not in sync with the Podfile.lock. Run 'pod install' or update your CocoaPods installation.\" >&2\n    exit 1\nfi\n# This output is used by Xcode 'outputs' to avoid re-running this script phase.\necho \"SUCCESS\" > \"${SCRIPT_OUTPUT_FILE_0}\"\n";
			showEnvVarsInLog = 0;
		};
		E6335E107B58A58474ED0710 /* [CP] Embed Pods Frameworks */ = {
			isa = PBXShellScriptBuildPhase;
			buildActionMask = 2147483647;
			files = (
			);
			inputFileListPaths = (
				"${PODS_ROOT}/Target Support Files/Pods-SocialIo/Pods-SocialIo-frameworks-${CONFIGURATION}-input-files.xcfilelist",
			);
			name = "[CP] Embed Pods Frameworks";
			outputFileListPaths = (
				"${PODS_ROOT}/Target Support Files/Pods-SocialIo/Pods-SocialIo-frameworks-${CONFIGURATION}-output-files.xcfilelist",
			);
			runOnlyForDeploymentPostprocessing = 0;
			shellPath = /bin/sh;
			shellScript = "\"${PODS_ROOT}/Target Support Files/Pods-SocialIo/Pods-SocialIo-frameworks.sh\"\n";
			showEnvVarsInLog = 0;
		};
/* End PBXShellScriptBuildPhase section */

/* Begin PBXSourcesBuildPhase section */
		86ED3B5A2412688D0042ED88 /* Sources */ = {
			isa = PBXSourcesBuildPhase;
			buildActionMask = 2147483647;
			files = (
				86ED3B662412688D0042ED88 /* ViewController.swift in Sources */,
				86ED3B622412688D0042ED88 /* AppDelegate.swift in Sources */,
				86ED3B642412688D0042ED88 /* SceneDelegate.swift in Sources */,
			);
			runOnlyForDeploymentPostprocessing = 0;
		};
		86ED3B702412688E0042ED88 /* Sources */ = {
			isa = PBXSourcesBuildPhase;
			buildActionMask = 2147483647;
			files = (
				86ED3B792412688E0042ED88 /* SocialIoTests.swift in Sources */,
			);
			runOnlyForDeploymentPostprocessing = 0;
		};
		86ED3B7B2412688E0042ED88 /* Sources */ = {
			isa = PBXSourcesBuildPhase;
			buildActionMask = 2147483647;
			files = (
				86ED3B842412688E0042ED88 /* SocialIoUITests.swift in Sources */,
			);
			runOnlyForDeploymentPostprocessing = 0;
		};
/* End PBXSourcesBuildPhase section */

/* Begin PBXTargetDependency section */
		86ED3B762412688E0042ED88 /* PBXTargetDependency */ = {
			isa = PBXTargetDependency;
			target = 86ED3B5D2412688D0042ED88 /* SocialIo */;
			targetProxy = 86ED3B752412688E0042ED88 /* PBXContainerItemProxy */;
		};
		86ED3B812412688E0042ED88 /* PBXTargetDependency */ = {
			isa = PBXTargetDependency;
			target = 86ED3B5D2412688D0042ED88 /* SocialIo */;
			targetProxy = 86ED3B802412688E0042ED88 /* PBXContainerItemProxy */;
		};
/* End PBXTargetDependency section */

/* Begin PBXVariantGroup section */
		86ED3B672412688D0042ED88 /* Main.storyboard */ = {
			isa = PBXVariantGroup;
			children = (
				86ED3B682412688D0042ED88 /* Base */,
			);
			name = Main.storyboard;
			sourceTree = "<group>";
		};
		86ED3B6C2412688E0042ED88 /* LaunchScreen.storyboard */ = {
			isa = PBXVariantGroup;
			children = (
				86ED3B6D2412688E0042ED88 /* Base */,
			);
			name = LaunchScreen.storyboard;
			sourceTree = "<group>";
		};
/* End PBXVariantGroup section */

/* Begin XCBuildConfiguration section */
		86ED3B862412688E0042ED88 /* Debug */ = {
			isa = XCBuildConfiguration;
			buildSettings = {
				ALWAYS_SEARCH_USER_PATHS = NO;
				CLANG_ANALYZER_NONNULL = YES;
				CLANG_ANALYZER_NUMBER_OBJECT_CONVERSION = YES_AGGRESSIVE;
				CLANG_CXX_LANGUAGE_STANDARD = "gnu++14";
				CLANG_CXX_LIBRARY = "libc++";
				CLANG_ENABLE_MODULES = YES;
				CLANG_ENABLE_OBJC_ARC = YES;
				CLANG_ENABLE_OBJC_WEAK = YES;
				CLANG_WARN_BLOCK_CAPTURE_AUTORELEASING = YES;
				CLANG_WARN_BOOL_CONVERSION = YES;
				CLANG_WARN_COMMA = YES;
				CLANG_WARN_CONSTANT_CONVERSION = YES;
				CLANG_WARN_DEPRECATED_OBJC_IMPLEMENTATIONS = YES;
				CLANG_WARN_DIRECT_OBJC_ISA_USAGE = YES_ERROR;
				CLANG_WARN_DOCUMENTATION_COMMENTS = YES;
				CLANG_WARN_EMPTY_BODY = YES;
				CLANG_WARN_ENUM_CONVERSION = YES;
				CLANG_WARN_INFINITE_RECURSION = YES;
				CLANG_WARN_INT_CONVERSION = YES;
				CLANG_WARN_NON_LITERAL_NULL_CONVERSION = YES;
				CLANG_WARN_OBJC_IMPLICIT_RETAIN_SELF = YES;
				CLANG_WARN_OBJC_LITERAL_CONVERSION = YES;
				CLANG_WARN_OBJC_ROOT_CLASS = YES_ERROR;
				CLANG_WARN_RANGE_LOOP_ANALYSIS = YES;
				CLANG_WARN_STRICT_PROTOTYPES = YES;
				CLANG_WARN_SUSPICIOUS_MOVE = YES;
				CLANG_WARN_UNGUARDED_AVAILABILITY = YES_AGGRESSIVE;
				CLANG_WARN_UNREACHABLE_CODE = YES;
				CLANG_WARN__DUPLICATE_METHOD_MATCH = YES;
				COPY_PHASE_STRIP = NO;
				DEBUG_INFORMATION_FORMAT = dwarf;
				ENABLE_STRICT_OBJC_MSGSEND = YES;
				ENABLE_TESTABILITY = YES;
				GCC_C_LANGUAGE_STANDARD = gnu11;
				GCC_DYNAMIC_NO_PIC = NO;
				GCC_NO_COMMON_BLOCKS = YES;
				GCC_OPTIMIZATION_LEVEL = 0;
				GCC_PREPROCESSOR_DEFINITIONS = (
					"DEBUG=1",
					"$(inherited)",
				);
				GCC_WARN_64_TO_32_BIT_CONVERSION = YES;
				GCC_WARN_ABOUT_RETURN_TYPE = YES_ERROR;
				GCC_WARN_UNDECLARED_SELECTOR = YES;
				GCC_WARN_UNINITIALIZED_AUTOS = YES_AGGRESSIVE;
				GCC_WARN_UNUSED_FUNCTION = YES;
				GCC_WARN_UNUSED_VARIABLE = YES;
				IPHONEOS_DEPLOYMENT_TARGET = 13.2;
				MTL_ENABLE_DEBUG_INFO = INCLUDE_SOURCE;
				MTL_FAST_MATH = YES;
				ONLY_ACTIVE_ARCH = YES;
				SDKROOT = iphoneos;
				SWIFT_ACTIVE_COMPILATION_CONDITIONS = DEBUG;
				SWIFT_OPTIMIZATION_LEVEL = "-Onone";
			};
			name = Debug;
		};
		86ED3B872412688E0042ED88 /* Release */ = {
			isa = XCBuildConfiguration;
			buildSettings = {
				ALWAYS_SEARCH_USER_PATHS = NO;
				CLANG_ANALYZER_NONNULL = YES;
				CLANG_ANALYZER_NUMBER_OBJECT_CONVERSION = YES_AGGRESSIVE;
				CLANG_CXX_LANGUAGE_STANDARD = "gnu++14";
				CLANG_CXX_LIBRARY = "libc++";
				CLANG_ENABLE_MODULES = YES;
				CLANG_ENABLE_OBJC_ARC = YES;
				CLANG_ENABLE_OBJC_WEAK = YES;
				CLANG_WARN_BLOCK_CAPTURE_AUTORELEASING = YES;
				CLANG_WARN_BOOL_CONVERSION = YES;
				CLANG_WARN_COMMA = YES;
				CLANG_WARN_CONSTANT_CONVERSION = YES;
				CLANG_WARN_DEPRECATED_OBJC_IMPLEMENTATIONS = YES;
				CLANG_WARN_DIRECT_OBJC_ISA_USAGE = YES_ERROR;
				CLANG_WARN_DOCUMENTATION_COMMENTS = YES;
				CLANG_WARN_EMPTY_BODY = YES;
				CLANG_WARN_ENUM_CONVERSION = YES;
				CLANG_WARN_INFINITE_RECURSION = YES;
				CLANG_WARN_INT_CONVERSION = YES;
				CLANG_WARN_NON_LITERAL_NULL_CONVERSION = YES;
				CLANG_WARN_OBJC_IMPLICIT_RETAIN_SELF = YES;
				CLANG_WARN_OBJC_LITERAL_CONVERSION = YES;
				CLANG_WARN_OBJC_ROOT_CLASS = YES_ERROR;
				CLANG_WARN_RANGE_LOOP_ANALYSIS = YES;
				CLANG_WARN_STRICT_PROTOTYPES = YES;
				CLANG_WARN_SUSPICIOUS_MOVE = YES;
				CLANG_WARN_UNGUARDED_AVAILABILITY = YES_AGGRESSIVE;
				CLANG_WARN_UNREACHABLE_CODE = YES;
				CLANG_WARN__DUPLICATE_METHOD_MATCH = YES;
				COPY_PHASE_STRIP = NO;
				DEBUG_INFORMATION_FORMAT = "dwarf-with-dsym";
				ENABLE_NS_ASSERTIONS = NO;
				ENABLE_STRICT_OBJC_MSGSEND = YES;
				GCC_C_LANGUAGE_STANDARD = gnu11;
				GCC_NO_COMMON_BLOCKS = YES;
				GCC_WARN_64_TO_32_BIT_CONVERSION = YES;
				GCC_WARN_ABOUT_RETURN_TYPE = YES_ERROR;
				GCC_WARN_UNDECLARED_SELECTOR = YES;
				GCC_WARN_UNINITIALIZED_AUTOS = YES_AGGRESSIVE;
				GCC_WARN_UNUSED_FUNCTION = YES;
				GCC_WARN_UNUSED_VARIABLE = YES;
				IPHONEOS_DEPLOYMENT_TARGET = 13.2;
				MTL_ENABLE_DEBUG_INFO = NO;
				MTL_FAST_MATH = YES;
				SDKROOT = iphoneos;
				SWIFT_COMPILATION_MODE = wholemodule;
				SWIFT_OPTIMIZATION_LEVEL = "-O";
				VALIDATE_PRODUCT = YES;
			};
			name = Release;
		};
		86ED3B892412688E0042ED88 /* Debug */ = {
			isa = XCBuildConfiguration;
			baseConfigurationReference = 03A89E6464332779C572D6A0 /* Pods-SocialIo.debug.xcconfig */;
			buildSettings = {
				ASSETCATALOG_COMPILER_APPICON_NAME = AppIcon;
				CODE_SIGN_STYLE = Automatic;
				INFOPLIST_FILE = SocialIo/Info.plist;
				LD_RUNPATH_SEARCH_PATHS = (
					"$(inherited)",
					"@executable_path/Frameworks",
				);
				PRODUCT_BUNDLE_IDENTIFIER = com.company.SocialIo;
				PRODUCT_NAME = "$(TARGET_NAME)";
				SWIFT_VERSION = 5.0;
				TARGETED_DEVICE_FAMILY = "1,2";
			};
			name = Debug;
		};
		86ED3B8A2412688E0042ED88 /* Release */ = {
			isa = XCBuildConfiguration;
			baseConfigurationReference = A6564574C2F10DA65C9352FC /* Pods-SocialIo.release.xcconfig */;
			buildSettings = {
				ASSETCATALOG_COMPILER_APPICON_NAME = AppIcon;
				CODE_SIGN_STYLE = Automatic;
				INFOPLIST_FILE = SocialIo/Info.plist;
				LD_RUNPATH_SEARCH_PATHS = (
					"$(inherited)",
					"@executable_path/Frameworks",
				);
				PRODUCT_BUNDLE_IDENTIFIER = com.company.SocialIo;
				PRODUCT_NAME = "$(TARGET_NAME)";
				SWIFT_VERSION = 5.0;
				TARGETED_DEVICE_FAMILY = "1,2";
			};
			name = Release;
		};
		86ED3B8C2412688E0042ED88 /* Debug */ = {
			isa = XCBuildConfiguration;
			baseConfigurationReference = 9AF6DFFCA25E883F2025F4CA /* Pods-SocialIoTests.debug.xcconfig */;
			buildSettings = {
				ALWAYS_EMBED_SWIFT_STANDARD_LIBRARIES = YES;
				BUNDLE_LOADER = "$(TEST_HOST)";
				CODE_SIGN_STYLE = Automatic;
				INFOPLIST_FILE = SocialIoTests/Info.plist;
				IPHONEOS_DEPLOYMENT_TARGET = 13.2;
				LD_RUNPATH_SEARCH_PATHS = (
					"$(inherited)",
					"@executable_path/Frameworks",
					"@loader_path/Frameworks",
				);
				PRODUCT_BUNDLE_IDENTIFIER = com.company.SocialIoTests;
				PRODUCT_NAME = "$(TARGET_NAME)";
				SWIFT_VERSION = 5.0;
				TARGETED_DEVICE_FAMILY = "1,2";
				TEST_HOST = "$(BUILT_PRODUCTS_DIR)/SocialIo.app/SocialIo";
			};
			name = Debug;
		};
		86ED3B8D2412688E0042ED88 /* Release */ = {
			isa = XCBuildConfiguration;
			baseConfigurationReference = 63D7B54FB2A51D9EE0E5F49B /* Pods-SocialIoTests.release.xcconfig */;
			buildSettings = {
				ALWAYS_EMBED_SWIFT_STANDARD_LIBRARIES = YES;
				BUNDLE_LOADER = "$(TEST_HOST)";
				CODE_SIGN_STYLE = Automatic;
				INFOPLIST_FILE = SocialIoTests/Info.plist;
				IPHONEOS_DEPLOYMENT_TARGET = 13.2;
				LD_RUNPATH_SEARCH_PATHS = (
					"$(inherited)",
					"@executable_path/Frameworks",
					"@loader_path/Frameworks",
				);
				PRODUCT_BUNDLE_IDENTIFIER = com.company.SocialIoTests;
				PRODUCT_NAME = "$(TARGET_NAME)";
				SWIFT_VERSION = 5.0;
				TARGETED_DEVICE_FAMILY = "1,2";
				TEST_HOST = "$(BUILT_PRODUCTS_DIR)/SocialIo.app/SocialIo";
			};
			name = Release;
		};
		86ED3B8F2412688E0042ED88 /* Debug */ = {
			isa = XCBuildConfiguration;
			baseConfigurationReference = BF887120555BC06F9CB0C615 /* Pods-SocialIo-SocialIoUITests.debug.xcconfig */;
			buildSettings = {
				ALWAYS_EMBED_SWIFT_STANDARD_LIBRARIES = YES;
				CODE_SIGN_STYLE = Automatic;
				INFOPLIST_FILE = SocialIoUITests/Info.plist;
				LD_RUNPATH_SEARCH_PATHS = (
					"$(inherited)",
					"@executable_path/Frameworks",
					"@loader_path/Frameworks",
				);
				PRODUCT_BUNDLE_IDENTIFIER = com.company.SocialIoUITests;
				PRODUCT_NAME = "$(TARGET_NAME)";
				SWIFT_VERSION = 5.0;
				TARGETED_DEVICE_FAMILY = "1,2";
				TEST_TARGET_NAME = SocialIo;
			};
			name = Debug;
		};
		86ED3B902412688E0042ED88 /* Release */ = {
			isa = XCBuildConfiguration;
			baseConfigurationReference = 2D7DEBC31369CDABAFC31121 /* Pods-SocialIo-SocialIoUITests.release.xcconfig */;
			buildSettings = {
				ALWAYS_EMBED_SWIFT_STANDARD_LIBRARIES = YES;
				CODE_SIGN_STYLE = Automatic;
				INFOPLIST_FILE = SocialIoUITests/Info.plist;
				LD_RUNPATH_SEARCH_PATHS = (
					"$(inherited)",
					"@executable_path/Frameworks",
					"@loader_path/Frameworks",
				);
				PRODUCT_BUNDLE_IDENTIFIER = com.company.SocialIoUITests;
				PRODUCT_NAME = "$(TARGET_NAME)";
				SWIFT_VERSION = 5.0;
				TARGETED_DEVICE_FAMILY = "1,2";
				TEST_TARGET_NAME = SocialIo;
			};
			name = Release;
		};
/* End XCBuildConfiguration section */

/* Begin XCConfigurationList section */
		86ED3B592412688D0042ED88 /* Build configuration list for PBXProject "SocialIo" */ = {
			isa = XCConfigurationList;
			buildConfigurations = (
				86ED3B862412688E0042ED88 /* Debug */,
				86ED3B872412688E0042ED88 /* Release */,
			);
			defaultConfigurationIsVisible = 0;
			defaultConfigurationName = Release;
		};
		86ED3B882412688E0042ED88 /* Build configuration list for PBXNativeTarget "SocialIo" */ = {
			isa = XCConfigurationList;
			buildConfigurations = (
				86ED3B892412688E0042ED88 /* Debug */,
				86ED3B8A2412688E0042ED88 /* Release */,
			);
			defaultConfigurationIsVisible = 0;
			defaultConfigurationName = Release;
		};
		86ED3B8B2412688E0042ED88 /* Build configuration list for PBXNativeTarget "SocialIoTests" */ = {
			isa = XCConfigurationList;
			buildConfigurations = (
				86ED3B8C2412688E0042ED88 /* Debug */,
				86ED3B8D2412688E0042ED88 /* Release */,
			);
			defaultConfigurationIsVisible = 0;
			defaultConfigurationName = Release;
		};
		86ED3B8E2412688E0042ED88 /* Build configuration list for PBXNativeTarget "SocialIoUITests" */ = {
			isa = XCConfigurationList;
			buildConfigurations = (
				86ED3B8F2412688E0042ED88 /* Debug */,
				86ED3B902412688E0042ED88 /* Release */,
			);
			defaultConfigurationIsVisible = 0;
			defaultConfigurationName = Release;
		};
/* End XCConfigurationList section */
	};
	rootObject = 86ED3B562412688D0042ED88 /* Project object */;
}
